
Microsoft Visual Studio Solution File, Format Version 12.00
# Visual Studio Version 17
VisualStudioVersion = 17.7.34024.191
MinimumVisualStudioVersion = 10.0.40219.1
Project("{D2ABAB84-BF74-430A-B69E-9DC6D40DDA17}") = "CuboMultidimencional", "CuboMultidimencional.dwproj", "{E1CFA443-D146-4094-A2BB-BE2D4075603D}"
EndProject
Global
	GlobalSection(SolutionConfigurationPlatforms) = preSolution
		Development|Default = Development|Default
	EndGlobalSection
	GlobalSection(ProjectConfigurationPlatforms) = postSolution
		{E1CFA443-D146-4094-A2BB-BE2D4075603D}.Development|Default.ActiveCfg = Development
		{E1CFA443-D146-4094-A2BB-BE2D4075603D}.Development|Default.Build.0 = Development
		{E1CFA443-D146-4094-A2BB-BE2D4075603D}.Development|Default.Deploy.0 = Development
	EndGlobalSection
	GlobalSection(SolutionProperties) = preSolution
		HideSolutionNode = FALSE
	EndGlobalSection
	GlobalSection(ExtensibilityGlobals) = postSolution
		SolutionGuid = {F79E96ED-4291-40AD-AB98-3B86AEACAD36}
	EndGlobalSection
EndGlobal
